
Microsoft Visual Studio Solution File, Format Version 12.00
# Visual Studio Version 17
VisualStudioVersion = 17.10.34928.147
MinimumVisualStudioVersion = 10.0.40219.1
Project("{FAE04EC0-301F-11D3-BF4B-00C04F79EFBC}") = "PDFForCthuluEditor", "PDFForCthuluEditor.csproj", "{8A7BC062-9771-49C2-9853-8245E3ECD4B6}"
EndProject
Global
	GlobalSection(SolutionConfigurationPlatforms) = preSolution
		Debug|Any CPU = Debug|Any CPU
		Release|Any CPU = Release|Any CPU
	EndGlobalSection
	GlobalSection(ProjectConfigurationPlatforms) = postSolution
		{8A7BC062-9771-49C2-9853-8245E3ECD4B6}.Debug|Any CPU.ActiveCfg = Debug|Any CPU
		{8A7BC062-9771-49C2-9853-8245E3ECD4B6}.Debug|Any CPU.Build.0 = Debug|Any CPU
		{8A7BC062-9771-49C2-9853-8245E3ECD4B6}.Release|Any CPU.ActiveCfg = Release|Any CPU
		{8A7BC062-9771-49C2-9853-8245E3ECD4B6}.Release|Any CPU.Build.0 = Release|Any CPU
	EndGlobalSection
	GlobalSection(SolutionProperties) = preSolution
		HideSolutionNode = FALSE
	EndGlobalSection
	GlobalSection(ExtensibilityGlobals) = postSolution
		SolutionGuid = {E1D091DE-8647-405A-8E96-23806C544EA3}
	EndGlobalSection
EndGlobal
